hash: e509ff6881b39427c20d66b6de7c7d68acba77b59aa29b8f53330814ac1485bb
updated: 2016-07-30T08:06:44.626696-04:00
imports:
- name: github.com/pkg/errors
  version: 01fa4104b9c248c8945d14d9f128454d5b28d595
- name: golang.org/x/net
  version: 6a513affb38dc9788b449d59ffed099b8de18fa0
  subpackages:
  - proxy
testImports: []
